
Microsoft Visual Studio Solution File, Format Version 12.00
# Visual Studio Version 17
VisualStudioVersion = 17.0.31903.59
MinimumVisualStudioVersion = 10.0.40219.1
Project("{2150E333-8FDC-42A3-9474-1A3956D46DE8}") = "src", "src", "{3364DB4D-AC56-48C5-8055-C418F1500E96}"
EndProject
Project("{FAE04EC0-301F-11D3-BF4B-00C04F79EFBC}") = "AspenBurner.App", "src\AspenBurner.App\AspenBurner.App.csproj", "{B6B184E7-5766-48F3-9558-BE7D66D280F1}"
EndProject
Project("{2150E333-8FDC-42A3-9474-1A3956D46DE8}") = "tests", "tests", "{6E1BEAF8-A6AD-41AB-8C66-34FA784167BA}"
EndProject
Project("{FAE04EC0-301F-11D3-BF4B-00C04F79EFBC}") = "AspenBurner.App.Tests", "tests\AspenBurner.App.Tests\AspenBurner.App.Tests.csproj", "{93D20C2F-7BCD-4A84-846D-E85B60CA0D77}"
EndProject
Project("{FAE04EC0-301F-11D3-BF4B-00C04F79EFBC}") = "AspenBurner.Bench", "src\AspenBurner.Bench\AspenBurner.Bench.csproj", "{5F87CB1F-27FE-4961-9B90-3EBF77829F8D}"
EndProject
Project("{FAE04EC0-301F-11D3-BF4B-00C04F79EFBC}") = "AspenBurner.Bench.Tests", "tests\AspenBurner.Bench.Tests\AspenBurner.Bench.Tests.csproj", "{F12B5F9C-A49E-42D2-A009-7F1DA6A95A47}"
EndProject
Global
	GlobalSection(SolutionConfigurationPlatforms) = preSolution
		Debug|Any CPU = Debug|Any CPU
		Release|Any CPU = Release|Any CPU
	EndGlobalSection
	GlobalSection(SolutionProperties) = preSolution
		HideSolutionNode = FALSE
	EndGlobalSection
	GlobalSection(ProjectConfigurationPlatforms) = postSolution
		{B6B184E7-5766-48F3-9558-BE7D66D280F1}.Debug|Any CPU.ActiveCfg = Debug|Any CPU
		{B6B184E7-5766-48F3-9558-BE7D66D280F1}.Debug|Any CPU.Build.0 = Debug|Any CPU
		{B6B184E7-5766-48F3-9558-BE7D66D280F1}.Release|Any CPU.ActiveCfg = Release|Any CPU
		{B6B184E7-5766-48F3-9558-BE7D66D280F1}.Release|Any CPU.Build.0 = Release|Any CPU
		{93D20C2F-7BCD-4A84-846D-E85B60CA0D77}.Debug|Any CPU.ActiveCfg = Debug|Any CPU
		{93D20C2F-7BCD-4A84-846D-E85B60CA0D77}.Debug|Any CPU.Build.0 = Debug|Any CPU
		{93D20C2F-7BCD-4A84-846D-E85B60CA0D77}.Release|Any CPU.ActiveCfg = Release|Any CPU
		{93D20C2F-7BCD-4A84-846D-E85B60CA0D77}.Release|Any CPU.Build.0 = Release|Any CPU
		{5F87CB1F-27FE-4961-9B90-3EBF77829F8D}.Debug|Any CPU.ActiveCfg = Debug|Any CPU
		{5F87CB1F-27FE-4961-9B90-3EBF77829F8D}.Debug|Any CPU.Build.0 = Debug|Any CPU
		{5F87CB1F-27FE-4961-9B90-3EBF77829F8D}.Release|Any CPU.ActiveCfg = Release|Any CPU
		{5F87CB1F-27FE-4961-9B90-3EBF77829F8D}.Release|Any CPU.Build.0 = Release|Any CPU
		{F12B5F9C-A49E-42D2-A009-7F1DA6A95A47}.Debug|Any CPU.ActiveCfg = Debug|Any CPU
		{F12B5F9C-A49E-42D2-A009-7F1DA6A95A47}.Debug|Any CPU.Build.0 = Debug|Any CPU
		{F12B5F9C-A49E-42D2-A009-7F1DA6A95A47}.Release|Any CPU.ActiveCfg = Release|Any CPU
		{F12B5F9C-A49E-42D2-A009-7F1DA6A95A47}.Release|Any CPU.Build.0 = Release|Any CPU
	EndGlobalSection
	GlobalSection(NestedProjects) = preSolution
		{B6B184E7-5766-48F3-9558-BE7D66D280F1} = {3364DB4D-AC56-48C5-8055-C418F1500E96}
		{93D20C2F-7BCD-4A84-846D-E85B60CA0D77} = {6E1BEAF8-A6AD-41AB-8C66-34FA784167BA}
		{5F87CB1F-27FE-4961-9B90-3EBF77829F8D} = {3364DB4D-AC56-48C5-8055-C418F1500E96}
		{F12B5F9C-A49E-42D2-A009-7F1DA6A95A47} = {6E1BEAF8-A6AD-41AB-8C66-34FA784167BA}
	EndGlobalSection
EndGlobal
